// !$*UTF8*$!
{
	archiveVersion = 1;
	classes = {
	};
	objectVersion = 56;
	objects = {

/* Begin PBXBuildFile section */
		39118A322B4EB85F0031E2F1 /* MagazineProtocol.swift in Sources */ = {isa = PBXBuildFile; fileRef = 39118A312B4EB85E0031E2F1 /* MagazineProtocol.swift */; };
		39118A342B4EB8700031E2F1 /* MagazineExtension.swift in Sources */ = {isa = PBXBuildFile; fileRef = 39118A332B4EB8700031E2F1 /* MagazineExtension.swift */; };
		39118A362B4EB8A50031E2F1 /* TravelProtocol.swift in Sources */ = {isa = PBXBuildFile; fileRef = 39118A352B4EB8A50031E2F1 /* TravelProtocol.swift */; };
		39118A382B4EB8AF0031E2F1 /* TravelExtension.swift in Sources */ = {isa = PBXBuildFile; fileRef = 39118A372B4EB8AF0031E2F1 /* TravelExtension.swift */; };
		39118A7F2B5009CF0031E2F1 /* Detail.storyboard in Resources */ = {isa = PBXBuildFile; fileRef = 39118A7E2B5009CF0031E2F1 /* Detail.storyboard */; };
		39118A822B5009F30031E2F1 /* DetailTableViewCell.swift in Sources */ = {isa = PBXBuildFile; fileRef = 39118A802B5009F30031E2F1 /* DetailTableViewCell.swift */; };
		39118A832B5009F30031E2F1 /* DetailTableViewCell.xib in Resources */ = {isa = PBXBuildFile; fileRef = 39118A812B5009F30031E2F1 /* DetailTableViewCell.xib */; };
		39118A862B500F080031E2F1 /* ADTableViewCell.swift in Sources */ = {isa = PBXBuildFile; fileRef = 39118A842B500F080031E2F1 /* ADTableViewCell.swift */; };
		39118A872B500F080031E2F1 /* ADTableViewCell.xib in Resources */ = {isa = PBXBuildFile; fileRef = 39118A852B500F080031E2F1 /* ADTableViewCell.xib */; };
		39118A892B5016090031E2F1 /* DetailViewController.swift in Sources */ = {isa = PBXBuildFile; fileRef = 39118A882B5016090031E2F1 /* DetailViewController.swift */; };
		39118A8B2B501CD50031E2F1 /* TravelModel.swift in Sources */ = {isa = PBXBuildFile; fileRef = 39118A8A2B501CD40031E2F1 /* TravelModel.swift */; };
		39118A8D2B502AB90031E2F1 /* TravelDetailViewController.swift in Sources */ = {isa = PBXBuildFile; fileRef = 39118A8C2B502AB90031E2F1 /* TravelDetailViewController.swift */; };
		39118A8F2B502BE80031E2F1 /* ADViewController.swift in Sources */ = {isa = PBXBuildFile; fileRef = 39118A8E2B502BE80031E2F1 /* ADViewController.swift */; };
		39118A912B50B5F60031E2F1 /* ViewProtocol.swift in Sources */ = {isa = PBXBuildFile; fileRef = 39118A902B50B5F60031E2F1 /* ViewProtocol.swift */; };
		39118A942B5110460031E2F1 /* Kingfisher in Frameworks */ = {isa = PBXBuildFile; productRef = 39118A932B5110460031E2F1 /* Kingfisher */; };
		39118A9D2B5126250031E2F1 /* Chat.storyboard in Resources */ = {isa = PBXBuildFile; fileRef = 39118A9C2B5126250031E2F1 /* Chat.storyboard */; };
		39118AA02B5128560031E2F1 /* ChatTableViewCell.swift in Sources */ = {isa = PBXBuildFile; fileRef = 39118A9E2B5128560031E2F1 /* ChatTableViewCell.swift */; };
		39118AA12B5128560031E2F1 /* ChatTableViewCell.xib in Resources */ = {isa = PBXBuildFile; fileRef = 39118A9F2B5128560031E2F1 /* ChatTableViewCell.xib */; };
		39118AA32B5128DB0031E2F1 /* ChatViewController.swift in Sources */ = {isa = PBXBuildFile; fileRef = 39118AA22B5128DB0031E2F1 /* ChatViewController.swift */; };
		39118AA52B512E5C0031E2F1 /* ChattingData.swift in Sources */ = {isa = PBXBuildFile; fileRef = 39118AA42B512E5C0031E2F1 /* ChattingData.swift */; };
		39118AA72B51362C0031E2F1 /* ChatDetailViewController.swift in Sources */ = {isa = PBXBuildFile; fileRef = 39118AA62B51362C0031E2F1 /* ChatDetailViewController.swift */; };
		39118AB22B5139580031E2F1 /* ChatDetailFriendTableViewCell.swift in Sources */ = {isa = PBXBuildFile; fileRef = 39118AB02B5139580031E2F1 /* ChatDetailFriendTableViewCell.swift */; };
		39118AB32B5139580031E2F1 /* ChatDetailFriendTableViewCell.xib in Resources */ = {isa = PBXBuildFile; fileRef = 39118AB12B5139580031E2F1 /* ChatDetailFriendTableViewCell.xib */; };
		39118AB62B514D430031E2F1 /* ChatDetailUserTableViewCell.swift in Sources */ = {isa = PBXBuildFile; fileRef = 39118AB42B514D430031E2F1 /* ChatDetailUserTableViewCell.swift */; };
		39118AB72B514D430031E2F1 /* ChatDetailUserTableViewCell.xib in Resources */ = {isa = PBXBuildFile; fileRef = 39118AB52B514D430031E2F1 /* ChatDetailUserTableViewCell.xib */; };
		39118ABA2B515DA10031E2F1 /* IQKeyboardManagerSwift in Frameworks */ = {isa = PBXBuildFile; productRef = 39118AB92B515DA10031E2F1 /* IQKeyboardManagerSwift */; };
		39118ABD2B516C520031E2F1 /* ChatDetailGroupTableViewCell.swift in Sources */ = {isa = PBXBuildFile; fileRef = 39118ABB2B516C520031E2F1 /* ChatDetailGroupTableViewCell.swift */; };
		39118ABE2B516C520031E2F1 /* ChatDetailGroupTableViewCell.xib in Resources */ = {isa = PBXBuildFile; fileRef = 39118ABC2B516C520031E2F1 /* ChatDetailGroupTableViewCell.xib */; };
		391F31C52B4A92E4006DA19B /* TodoTableViewController.swift in Sources */ = {isa = PBXBuildFile; fileRef = 391F31C42B4A92E4006DA19B /* TodoTableViewController.swift */; };
		391F31C92B4A95E6006DA19B /* TodoTableViewCell.swift in Sources */ = {isa = PBXBuildFile; fileRef = 391F31C82B4A95E6006DA19B /* TodoTableViewCell.swift */; };
		391F31D02B4BEE8B006DA19B /* MagazineInfo.swift in Sources */ = {isa = PBXBuildFile; fileRef = 391F31CF2B4BEE8B006DA19B /* MagazineInfo.swift */; };
		391F31D22B4BF038006DA19B /* MagazineTableViewController.swift in Sources */ = {isa = PBXBuildFile; fileRef = 391F31D12B4BF038006DA19B /* MagazineTableViewController.swift */; };
		391F31D42B4BF075006DA19B /* MagazineTableViewCell.swift in Sources */ = {isa = PBXBuildFile; fileRef = 391F31D32B4BF075006DA19B /* MagazineTableViewCell.swift */; };
		391F31E82B4D30D7006DA19B /* TravelCollectionViewController.swift in Sources */ = {isa = PBXBuildFile; fileRef = 391F31E72B4D30D7006DA19B /* TravelCollectionViewController.swift */; };
		391F31EA2B4D3105006DA19B /* TravelCollectionViewCell.swift in Sources */ = {isa = PBXBuildFile; fileRef = 391F31E92B4D3105006DA19B /* TravelCollectionViewCell.swift */; };
		391F31EC2B4D39C7006DA19B /* CityInfo.swift in Sources */ = {isa = PBXBuildFile; fileRef = 391F31EB2B4D39C7006DA19B /* CityInfo.swift */; };
		391F31F42B4D4C15006DA19B /* MagazineInfo.swift in Sources */ = {isa = PBXBuildFile; fileRef = 391F31F32B4D4C15006DA19B /* MagazineInfo.swift */; };
		391F31FB2B4D4C85006DA19B /* Travel2CollectionViewCell.swift in Sources */ = {isa = PBXBuildFile; fileRef = 391F31F92B4D4C85006DA19B /* Travel2CollectionViewCell.swift */; };
		391F31FC2B4D4C85006DA19B /* Travel2CollectionViewCell.xib in Resources */ = {isa = PBXBuildFile; fileRef = 391F31FA2B4D4C85006DA19B /* Travel2CollectionViewCell.xib */; };
		391F31FE2B4D4C94006DA19B /* Travel2CollectionViewController.swift in Sources */ = {isa = PBXBuildFile; fileRef = 391F31FD2B4D4C94006DA19B /* Travel2CollectionViewController.swift */; };
		391F32012B4D5C90006DA19B /* Travel3ViewController.swift in Sources */ = {isa = PBXBuildFile; fileRef = 391F32002B4D5C90006DA19B /* Travel3ViewController.swift */; };
		393C60972B49934A00F97898 /* AppDelegate.swift in Sources */ = {isa = PBXBuildFile; fileRef = 393C60962B49934A00F97898 /* AppDelegate.swift */; };
		393C60992B49934A00F97898 /* SceneDelegate.swift in Sources */ = {isa = PBXBuildFile; fileRef = 393C60982B49934A00F97898 /* SceneDelegate.swift */; };
		393C609B2B49934A00F97898 /* ViewController.swift in Sources */ = {isa = PBXBuildFile; fileRef = 393C609A2B49934A00F97898 /* ViewController.swift */; };
		393C609E2B49934A00F97898 /* Main.storyboard in Resources */ = {isa = PBXBuildFile; fileRef = 393C609C2B49934A00F97898 /* Main.storyboard */; };
		393C60A02B49934C00F97898 /* Assets.xcassets in Resources */ = {isa = PBXBuildFile; fileRef = 393C609F2B49934C00F97898 /* Assets.xcassets */; };
		393C60A32B49934C00F97898 /* LaunchScreen.storyboard in Resources */ = {isa = PBXBuildFile; fileRef = 393C60A12B49934C00F97898 /* LaunchScreen.storyboard */; };
		393C60AB2B499D9600F97898 /* SettingTableViewController.swift in Sources */ = {isa = PBXBuildFile; fileRef = 393C60AA2B499D9600F97898 /* SettingTableViewController.swift */; };
		395E8CA82B542CBB00AA69F9 /* StringExtension.swift in Sources */ = {isa = PBXBuildFile; fileRef = 395E8CA72B542CBB00AA69F9 /* StringExtension.swift */; };
/* End PBXBuildFile section */

/* Begin PBXFileReference section */
		39118A312B4EB85E0031E2F1 /* MagazineProtocol.swift */ = {isa = PBXFileReference; lastKnownFileType = sourcecode.swift; path = MagazineProtocol.swift; sourceTree = "<group>"; };
		39118A332B4EB8700031E2F1 /* MagazineExtension.swift */ = {isa = PBXFileReference; lastKnownFileType = sourcecode.swift; path = MagazineExtension.swift; sourceTree = "<group>"; };
		39118A352B4EB8A50031E2F1 /* TravelProtocol.swift */ = {isa = PBXFileReference; lastKnownFileType = sourcecode.swift; path = TravelProtocol.swift; sourceTree = "<group>"; };
		39118A372B4EB8AF0031E2F1 /* TravelExtension.swift */ = {isa = PBXFileReference; lastKnownFileType = sourcecode.swift; path = TravelExtension.swift; sourceTree = "<group>"; };
		39118A7E2B5009CF0031E2F1 /* Detail.storyboard */ = {isa = PBXFileReference; lastKnownFileType = file.storyboard; path = Detail.storyboard; sourceTree = "<group>"; };
		39118A802B5009F30031E2F1 /* DetailTableViewCell.swift */ = {isa = PBXFileReference; lastKnownFileType = sourcecode.swift; path = DetailTableViewCell.swift; sourceTree = "<group>"; };
		39118A812B5009F30031E2F1 /* DetailTableViewCell.xib */ = {isa = PBXFileReference; lastKnownFileType = file.xib; path = DetailTableViewCell.xib; sourceTree = "<group>"; };
		39118A842B500F080031E2F1 /* ADTableViewCell.swift */ = {isa = PBXFileReference; lastKnownFileType = sourcecode.swift; path = ADTableViewCell.swift; sourceTree = "<group>"; };
		39118A852B500F080031E2F1 /* ADTableViewCell.xib */ = {isa = PBXFileReference; lastKnownFileType = file.xib; path = ADTableViewCell.xib; sourceTree = "<group>"; };
		39118A882B5016090031E2F1 /* DetailViewController.swift */ = {isa = PBXFileReference; lastKnownFileType = sourcecode.swift; path = DetailViewController.swift; sourceTree = "<group>"; };
		39118A8A2B501CD40031E2F1 /* TravelModel.swift */ = {isa = PBXFileReference; fileEncoding = 4; lastKnownFileType = sourcecode.swift; name = TravelModel.swift; path = ../../../../../Downloads/TravelModel.swift; sourceTree = "<group>"; };
		39118A8C2B502AB90031E2F1 /* TravelDetailViewController.swift */ = {isa = PBXFileReference; lastKnownFileType = sourcecode.swift; path = TravelDetailViewController.swift; sourceTree = "<group>"; };
		39118A8E2B502BE80031E2F1 /* ADViewController.swift */ = {isa = PBXFileReference; lastKnownFileType = sourcecode.swift; path = ADViewController.swift; sourceTree = "<group>"; };
		39118A902B50B5F60031E2F1 /* ViewProtocol.swift */ = {isa = PBXFileReference; lastKnownFileType = sourcecode.swift; path = ViewProtocol.swift; sourceTree = "<group>"; };
		39118A9C2B5126250031E2F1 /* Chat.storyboard */ = {isa = PBXFileReference; lastKnownFileType = file.storyboard; path = Chat.storyboard; sourceTree = "<group>"; };
		39118A9E2B5128560031E2F1 /* ChatTableViewCell.swift */ = {isa = PBXFileReference; lastKnownFileType = sourcecode.swift; path = ChatTableViewCell.swift; sourceTree = "<group>"; };
		39118A9F2B5128560031E2F1 /* ChatTableViewCell.xib */ = {isa = PBXFileReference; lastKnownFileType = file.xib; path = ChatTableViewCell.xib; sourceTree = "<group>"; };
		39118AA22B5128DB0031E2F1 /* ChatViewController.swift */ = {isa = PBXFileReference; lastKnownFileType = sourcecode.swift; path = ChatViewController.swift; sourceTree = "<group>"; };
		39118AA42B512E5C0031E2F1 /* ChattingData.swift */ = {isa = PBXFileReference; fileEncoding = 4; lastKnownFileType = sourcecode.swift; name = ChattingData.swift; path = ../../../../../Downloads/ChattingData.swift; sourceTree = "<group>"; };
		39118AA62B51362C0031E2F1 /* ChatDetailViewController.swift */ = {isa = PBXFileReference; lastKnownFileType = sourcecode.swift; path = ChatDetailViewController.swift; sourceTree = "<group>"; };
		39118AB02B5139580031E2F1 /* ChatDetailFriendTableViewCell.swift */ = {isa = PBXFileReference; lastKnownFileType = sourcecode.swift; path = ChatDetailFriendTableViewCell.swift; sourceTree = "<group>"; };
		39118AB12B5139580031E2F1 /* ChatDetailFriendTableViewCell.xib */ = {isa = PBXFileReference; lastKnownFileType = file.xib; path = ChatDetailFriendTableViewCell.xib; sourceTree = "<group>"; };
		39118AB42B514D430031E2F1 /* ChatDetailUserTableViewCell.swift */ = {isa = PBXFileReference; lastKnownFileType = sourcecode.swift; path = ChatDetailUserTableViewCell.swift; sourceTree = "<group>"; };
		39118AB52B514D430031E2F1 /* ChatDetailUserTableViewCell.xib */ = {isa = PBXFileReference; lastKnownFileType = file.xib; path = ChatDetailUserTableViewCell.xib; sourceTree = "<group>"; };
		39118ABB2B516C520031E2F1 /* ChatDetailGroupTableViewCell.swift */ = {isa = PBXFileReference; lastKnownFileType = sourcecode.swift; path = ChatDetailGroupTableViewCell.swift; sourceTree = "<group>"; };
		39118ABC2B516C520031E2F1 /* ChatDetailGroupTableViewCell.xib */ = {isa = PBXFileReference; lastKnownFileType = file.xib; path = ChatDetailGroupTableViewCell.xib; sourceTree = "<group>"; };
		391F31C42B4A92E4006DA19B /* TodoTableViewController.swift */ = {isa = PBXFileReference; lastKnownFileType = sourcecode.swift; path = TodoTableViewController.swift; sourceTree = "<group>"; };
		391F31C82B4A95E6006DA19B /* TodoTableViewCell.swift */ = {isa = PBXFileReference; lastKnownFileType = sourcecode.swift; path = TodoTableViewCell.swift; sourceTree = "<group>"; };
		391F31CF2B4BEE8B006DA19B /* MagazineInfo.swift */ = {isa = PBXFileReference; fileEncoding = 4; lastKnownFileType = sourcecode.swift; name = MagazineInfo.swift; path = ../../../../Downloads/MagazineInfo.swift; sourceTree = "<group>"; };
		391F31D12B4BF038006DA19B /* MagazineTableViewController.swift */ = {isa = PBXFileReference; lastKnownFileType = sourcecode.swift; path = MagazineTableViewController.swift; sourceTree = "<group>"; };
		391F31D32B4BF075006DA19B /* MagazineTableViewCell.swift */ = {isa = PBXFileReference; lastKnownFileType = sourcecode.swift; path = MagazineTableViewCell.swift; sourceTree = "<group>"; };
		391F31E72B4D30D7006DA19B /* TravelCollectionViewController.swift */ = {isa = PBXFileReference; lastKnownFileType = sourcecode.swift; path = TravelCollectionViewController.swift; sourceTree = "<group>"; };
		391F31E92B4D3105006DA19B /* TravelCollectionViewCell.swift */ = {isa = PBXFileReference; lastKnownFileType = sourcecode.swift; path = TravelCollectionViewCell.swift; sourceTree = "<group>"; };
		391F31EB2B4D39C7006DA19B /* CityInfo.swift */ = {isa = PBXFileReference; fileEncoding = 4; lastKnownFileType = sourcecode.swift; name = CityInfo.swift; path = ../../../../Downloads/CityInfo.swift; sourceTree = "<group>"; };
		391F31F32B4D4C15006DA19B /* MagazineInfo.swift */ = {isa = PBXFileReference; fileEncoding = 4; lastKnownFileType = sourcecode.swift; name = MagazineInfo.swift; path = ../../../../../Downloads/MagazineInfo.swift; sourceTree = "<group>"; };
		391F31F92B4D4C85006DA19B /* Travel2CollectionViewCell.swift */ = {isa = PBXFileReference; lastKnownFileType = sourcecode.swift; path = Travel2CollectionViewCell.swift; sourceTree = "<group>"; };
		391F31FA2B4D4C85006DA19B /* Travel2CollectionViewCell.xib */ = {isa = PBXFileReference; lastKnownFileType = file.xib; path = Travel2CollectionViewCell.xib; sourceTree = "<group>"; };
		391F31FD2B4D4C94006DA19B /* Travel2CollectionViewController.swift */ = {isa = PBXFileReference; lastKnownFileType = sourcecode.swift; path = Travel2CollectionViewController.swift; sourceTree = "<group>"; };
		391F32002B4D5C90006DA19B /* Travel3ViewController.swift */ = {isa = PBXFileReference; lastKnownFileType = sourcecode.swift; path = Travel3ViewController.swift; sourceTree = "<group>"; };
		393C60932B49934A00F97898 /* TableViewController.app */ = {isa = PBXFileReference; explicitFileType = wrapper.application; includeInIndex = 0; path = TableViewController.app; sourceTree = BUILT_PRODUCTS_DIR; };
		393C60962B49934A00F97898 /* AppDelegate.swift */ = {isa = PBXFileReference; lastKnownFileType = sourcecode.swift; path = AppDelegate.swift; sourceTree = "<group>"; };
		393C60982B49934A00F97898 /* SceneDelegate.swift */ = {isa = PBXFileReference; lastKnownFileType = sourcecode.swift; path = SceneDelegate.swift; sourceTree = "<group>"; };
		393C609A2B49934A00F97898 /* ViewController.swift */ = {isa = PBXFileReference; lastKnownFileType = sourcecode.swift; path = ViewController.swift; sourceTree = "<group>"; };
		393C609D2B49934A00F97898 /* Base */ = {isa = PBXFileReference; lastKnownFileType = file.storyboard; name = Base; path = Base.lproj/Main.storyboard; sourceTree = "<group>"; };
		393C609F2B49934C00F97898 /* Assets.xcassets */ = {isa = PBXFileReference; lastKnownFileType = folder.assetcatalog; path = Assets.xcassets; sourceTree = "<group>"; };
		393C60A22B49934C00F97898 /* Base */ = {isa = PBXFileReference; lastKnownFileType = file.storyboard; name = Base; path = Base.lproj/LaunchScreen.storyboard; sourceTree = "<group>"; };
		393C60A42B49934C00F97898 /* Info.plist */ = {isa = PBXFileReference; lastKnownFileType = text.plist.xml; path = Info.plist; sourceTree = "<group>"; };
		393C60AA2B499D9600F97898 /* SettingTableViewController.swift */ = {isa = PBXFileReference; lastKnownFileType = sourcecode.swift; path = SettingTableViewController.swift; sourceTree = "<group>"; };
		395E8CA72B542CBB00AA69F9 /* StringExtension.swift */ = {isa = PBXFileReference; lastKnownFileType = sourcecode.swift; path = StringExtension.swift; sourceTree = "<group>"; };
/* End PBXFileReference section */

/* Begin PBXFrameworksBuildPhase section */
		393C60902B49934A00F97898 /* Frameworks */ = {
			isa = PBXFrameworksBuildPhase;
			buildActionMask = 2147483647;
			files = (
				39118A942B5110460031E2F1 /* Kingfisher in Frameworks */,
				39118ABA2B515DA10031E2F1 /* IQKeyboardManagerSwift in Frameworks */,
			);
			runOnlyForDeploymentPostprocessing = 0;
		};
/* End PBXFrameworksBuildPhase section */

/* Begin PBXGroup section */
		39118A7D2B5009B80031E2F1 /* Detail */ = {
			isa = PBXGroup;
			children = (
				39118A7E2B5009CF0031E2F1 /* Detail.storyboard */,
				39118A802B5009F30031E2F1 /* DetailTableViewCell.swift */,
				39118A812B5009F30031E2F1 /* DetailTableViewCell.xib */,
				39118A842B500F080031E2F1 /* ADTableViewCell.swift */,
				39118A852B500F080031E2F1 /* ADTableViewCell.xib */,
				39118A882B5016090031E2F1 /* DetailViewController.swift */,
				39118A8A2B501CD40031E2F1 /* TravelModel.swift */,
				39118A8C2B502AB90031E2F1 /* TravelDetailViewController.swift */,
				39118A8E2B502BE80031E2F1 /* ADViewController.swift */,
				39118A902B50B5F60031E2F1 /* ViewProtocol.swift */,
			);
			path = Detail;
			sourceTree = "<group>";
		};
		39118A992B5126090031E2F1 /* Chat */ = {
			isa = PBXGroup;
			children = (
				39118A9C2B5126250031E2F1 /* Chat.storyboard */,
				39118A9E2B5128560031E2F1 /* ChatTableViewCell.swift */,
				39118A9F2B5128560031E2F1 /* ChatTableViewCell.xib */,
				39118AA22B5128DB0031E2F1 /* ChatViewController.swift */,
				39118AA62B51362C0031E2F1 /* ChatDetailViewController.swift */,
				39118AB02B5139580031E2F1 /* ChatDetailFriendTableViewCell.swift */,
				39118AB12B5139580031E2F1 /* ChatDetailFriendTableViewCell.xib */,
				39118AB42B514D430031E2F1 /* ChatDetailUserTableViewCell.swift */,
				39118AB52B514D430031E2F1 /* ChatDetailUserTableViewCell.xib */,
				39118ABB2B516C520031E2F1 /* ChatDetailGroupTableViewCell.swift */,
				39118ABC2B516C520031E2F1 /* ChatDetailGroupTableViewCell.xib */,
				39118AA42B512E5C0031E2F1 /* ChattingData.swift */,
				395E8CA72B542CBB00AA69F9 /* StringExtension.swift */,
			);
			path = Chat;
			sourceTree = "<group>";
		};
		391F31ED2B4D4BAF006DA19B /* Todo */ = {
			isa = PBXGroup;
			children = (
				391F31C42B4A92E4006DA19B /* TodoTableViewController.swift */,
				391F31C82B4A95E6006DA19B /* TodoTableViewCell.swift */,
			);
			path = Todo;
			sourceTree = "<group>";
		};
		391F31EF2B4D4BDC006DA19B /* Magazine */ = {
			isa = PBXGroup;
			children = (
				391F31D12B4BF038006DA19B /* MagazineTableViewController.swift */,
				391F31D32B4BF075006DA19B /* MagazineTableViewCell.swift */,
				391F31F32B4D4C15006DA19B /* MagazineInfo.swift */,
				39118A312B4EB85E0031E2F1 /* MagazineProtocol.swift */,
				39118A332B4EB8700031E2F1 /* MagazineExtension.swift */,
			);
			path = Magazine;
			sourceTree = "<group>";
		};
		391F31F52B4D4C3E006DA19B /* Travel */ = {
			isa = PBXGroup;
			children = (
				391F31E72B4D30D7006DA19B /* TravelCollectionViewController.swift */,
				391F31E92B4D3105006DA19B /* TravelCollectionViewCell.swift */,
			);
			path = Travel;
			sourceTree = "<group>";
		};
		391F31F62B4D4C4F006DA19B /* Travel2 */ = {
			isa = PBXGroup;
			children = (
				391F31F92B4D4C85006DA19B /* Travel2CollectionViewCell.swift */,
				391F31FA2B4D4C85006DA19B /* Travel2CollectionViewCell.xib */,
				391F31FD2B4D4C94006DA19B /* Travel2CollectionViewController.swift */,
			);
			path = Travel2;
			sourceTree = "<group>";
		};
		391F31FF2B4D5B93006DA19B /* Travel3 */ = {
			isa = PBXGroup;
			children = (
				391F32002B4D5C90006DA19B /* Travel3ViewController.swift */,
				39118A352B4EB8A50031E2F1 /* TravelProtocol.swift */,
				39118A372B4EB8AF0031E2F1 /* TravelExtension.swift */,
			);
			path = Travel3;
			sourceTree = "<group>";
		};
		393C608A2B49934A00F97898 = {
			isa = PBXGroup;
			children = (
				393C60952B49934A00F97898 /* TableViewController */,
				393C60942B49934A00F97898 /* Products */,
			);
			sourceTree = "<group>";
		};
		393C60942B49934A00F97898 /* Products */ = {
			isa = PBXGroup;
			children = (
				393C60932B49934A00F97898 /* TableViewController.app */,
			);
			name = Products;
			sourceTree = "<group>";
		};
		393C60952B49934A00F97898 /* TableViewController */ = {
			isa = PBXGroup;
			children = (
				39118A992B5126090031E2F1 /* Chat */,
				39118A7D2B5009B80031E2F1 /* Detail */,
				391F31FF2B4D5B93006DA19B /* Travel3 */,
				391F31F62B4D4C4F006DA19B /* Travel2 */,
				391F31F52B4D4C3E006DA19B /* Travel */,
				391F31EF2B4D4BDC006DA19B /* Magazine */,
				391F31ED2B4D4BAF006DA19B /* Todo */,
				393C60962B49934A00F97898 /* AppDelegate.swift */,
				393C60982B49934A00F97898 /* SceneDelegate.swift */,
				393C609A2B49934A00F97898 /* ViewController.swift */,
				393C609C2B49934A00F97898 /* Main.storyboard */,
				393C609F2B49934C00F97898 /* Assets.xcassets */,
				393C60A12B49934C00F97898 /* LaunchScreen.storyboard */,
				393C60A42B49934C00F97898 /* Info.plist */,
				393C60AA2B499D9600F97898 /* SettingTableViewController.swift */,
				391F31CF2B4BEE8B006DA19B /* MagazineInfo.swift */,
				391F31EB2B4D39C7006DA19B /* CityInfo.swift */,
			);
			path = TableViewController;
			sourceTree = "<group>";
		};
/* End PBXGroup section */

/* Begin PBXNativeTarget section */
		393C60922B49934A00F97898 /* TableViewController */ = {
			isa = PBXNativeTarget;
			buildConfigurationList = 393C60A72B49934C00F97898 /* Build configuration list for PBXNativeTarget "TableViewController" */;
			buildPhases = (
				393C608F2B49934A00F97898 /* Sources */,
				393C60902B49934A00F97898 /* Frameworks */,
				393C60912B49934A00F97898 /* Resources */,
			);
			buildRules = (
			);
			dependencies = (
			);
			name = TableViewController;
			packageProductDependencies = (
				39118A932B5110460031E2F1 /* Kingfisher */,
				39118AB92B515DA10031E2F1 /* IQKeyboardManagerSwift */,
			);
			productName = TableViewController;
			productReference = 393C60932B49934A00F97898 /* TableViewController.app */;
			productType = "com.apple.product-type.application";
		};
/* End PBXNativeTarget section */

/* Begin PBXProject section */
		393C608B2B49934A00F97898 /* Project object */ = {
			isa = PBXProject;
			attributes = {
				BuildIndependentTargetsInParallel = 1;
				LastSwiftUpdateCheck = 1510;
				LastUpgradeCheck = 1510;
				TargetAttributes = {
					393C60922B49934A00F97898 = {
						CreatedOnToolsVersion = 15.1;
					};
				};
			};
			buildConfigurationList = 393C608E2B49934A00F97898 /* Build configuration list for PBXProject "TableViewController" */;
			compatibilityVersion = "Xcode 14.0";
			developmentRegion = en;
			hasScannedForEncodings = 0;
			knownRegions = (
				en,
				Base,
			);
			mainGroup = 393C608A2B49934A00F97898;
			packageReferences = (
				39118A922B5110460031E2F1 /* XCRemoteSwiftPackageReference "Kingfisher" */,
				39118AB82B515DA10031E2F1 /* XCRemoteSwiftPackageReference "IQKeyboardManager" */,
			);
			productRefGroup = 393C60942B49934A00F97898 /* Products */;
			projectDirPath = "";
			projectRoot = "";
			targets = (
				393C60922B49934A00F97898 /* TableViewController */,
			);
		};
/* End PBXProject section */

/* Begin PBXResourcesBuildPhase section */
		393C60912B49934A00F97898 /* Resources */ = {
			isa = PBXResourcesBuildPhase;
			buildActionMask = 2147483647;
			files = (
				393C60A32B49934C00F97898 /* LaunchScreen.storyboard in Resources */,
				39118AA12B5128560031E2F1 /* ChatTableViewCell.xib in Resources */,
				39118AB72B514D430031E2F1 /* ChatDetailUserTableViewCell.xib in Resources */,
				391F31FC2B4D4C85006DA19B /* Travel2CollectionViewCell.xib in Resources */,
				393C60A02B49934C00F97898 /* Assets.xcassets in Resources */,
				39118A7F2B5009CF0031E2F1 /* Detail.storyboard in Resources */,
				39118A832B5009F30031E2F1 /* DetailTableViewCell.xib in Resources */,
				39118A872B500F080031E2F1 /* ADTableViewCell.xib in Resources */,
				39118ABE2B516C520031E2F1 /* ChatDetailGroupTableViewCell.xib in Resources */,
				39118A9D2B5126250031E2F1 /* Chat.storyboard in Resources */,
				39118AB32B5139580031E2F1 /* ChatDetailFriendTableViewCell.xib in Resources */,
				393C609E2B49934A00F97898 /* Main.storyboard in Resources */,
			);
			runOnlyForDeploymentPostprocessing = 0;
		};
/* End PBXResourcesBuildPhase section */

/* Begin PBXSourcesBuildPhase section */
		393C608F2B49934A00F97898 /* Sources */ = {
			isa = PBXSourcesBuildPhase;
			buildActionMask = 2147483647;
			files = (
				393C60AB2B499D9600F97898 /* SettingTableViewController.swift in Sources */,
				39118AB62B514D430031E2F1 /* ChatDetailUserTableViewCell.swift in Sources */,
				391F31C52B4A92E4006DA19B /* TodoTableViewController.swift in Sources */,
				39118A892B5016090031E2F1 /* DetailViewController.swift in Sources */,
				39118A8B2B501CD50031E2F1 /* TravelModel.swift in Sources */,
				393C609B2B49934A00F97898 /* ViewController.swift in Sources */,
				39118A382B4EB8AF0031E2F1 /* TravelExtension.swift in Sources */,
				39118A862B500F080031E2F1 /* ADTableViewCell.swift in Sources */,
				39118A912B50B5F60031E2F1 /* ViewProtocol.swift in Sources */,
				391F31C92B4A95E6006DA19B /* TodoTableViewCell.swift in Sources */,
				39118A362B4EB8A50031E2F1 /* TravelProtocol.swift in Sources */,
				391F31D02B4BEE8B006DA19B /* MagazineInfo.swift in Sources */,
				391F31D22B4BF038006DA19B /* MagazineTableViewController.swift in Sources */,
				39118AB22B5139580031E2F1 /* ChatDetailFriendTableViewCell.swift in Sources */,
				391F32012B4D5C90006DA19B /* Travel3ViewController.swift in Sources */,
				39118AA52B512E5C0031E2F1 /* ChattingData.swift in Sources */,
				39118AA02B5128560031E2F1 /* ChatTableViewCell.swift in Sources */,
				39118A8D2B502AB90031E2F1 /* TravelDetailViewController.swift in Sources */,
				39118A822B5009F30031E2F1 /* DetailTableViewCell.swift in Sources */,
				391F31F42B4D4C15006DA19B /* MagazineInfo.swift in Sources */,
				39118A322B4EB85F0031E2F1 /* MagazineProtocol.swift in Sources */,
				391F31FE2B4D4C94006DA19B /* Travel2CollectionViewController.swift in Sources */,
				395E8CA82B542CBB00AA69F9 /* StringExtension.swift in Sources */,
				39118AA72B51362C0031E2F1 /* ChatDetailViewController.swift in Sources */,
				39118A8F2B502BE80031E2F1 /* ADViewController.swift in Sources */,
				391F31D42B4BF075006DA19B /* MagazineTableViewCell.swift in Sources */,
				393C60972B49934A00F97898 /* AppDelegate.swift in Sources */,
				391F31FB2B4D4C85006DA19B /* Travel2CollectionViewCell.swift in Sources */,
				391F31EA2B4D3105006DA19B /* TravelCollectionViewCell.swift in Sources */,
				391F31E82B4D30D7006DA19B /* TravelCollectionViewController.swift in Sources */,
				39118A342B4EB8700031E2F1 /* MagazineExtension.swift in Sources */,
				391F31EC2B4D39C7006DA19B /* CityInfo.swift in Sources */,
				39118AA32B5128DB0031E2F1 /* ChatViewController.swift in Sources */,
				39118ABD2B516C520031E2F1 /* ChatDetailGroupTableViewCell.swift in Sources */,
				393C60992B49934A00F97898 /* SceneDelegate.swift in Sources */,
			);
			runOnlyForDeploymentPostprocessing = 0;
		};
/* End PBXSourcesBuildPhase section */

/* Begin PBXVariantGroup section */
		393C609C2B49934A00F97898 /* Main.storyboard */ = {
			isa = PBXVariantGroup;
			children = (
				393C609D2B49934A00F97898 /* Base */,
			);
			name = Main.storyboard;
			sourceTree = "<group>";
		};
		393C60A12B49934C00F97898 /* LaunchScreen.storyboard */ = {
			isa = PBXVariantGroup;
			children = (
				393C60A22B49934C00F97898 /* Base */,
			);
			name = LaunchScreen.storyboard;
			sourceTree = "<group>";
		};
/* End PBXVariantGroup section */

/* Begin XCBuildConfiguration section */
		393C60A52B49934C00F97898 /* Debug */ = {
			isa = XCBuildConfiguration;
			buildSettings = {
				ALWAYS_SEARCH_USER_PATHS = NO;
				ASSETCATALOG_COMPILER_GENERATE_SWIFT_ASSET_SYMBOL_EXTENSIONS = YES;
				CLANG_ANALYZER_NONNULL = YES;
				CLANG_ANALYZER_NUMBER_OBJECT_CONVERSION = YES_AGGRESSIVE;
				CLANG_CXX_LANGUAGE_STANDARD = "gnu++20";
				CLANG_ENABLE_MODULES = YES;
				CLANG_ENABLE_OBJC_ARC = YES;
				CLANG_ENABLE_OBJC_WEAK = YES;
				CLANG_WARN_BLOCK_CAPTURE_AUTORELEASING = YES;
				CLANG_WARN_BOOL_CONVERSION = YES;
				CLANG_WARN_COMMA = YES;
				CLANG_WARN_CONSTANT_CONVERSION = YES;
				CLANG_WARN_DEPRECATED_OBJC_IMPLEMENTATIONS = YES;
				CLANG_WARN_DIRECT_OBJC_ISA_USAGE = YES_ERROR;
				CLANG_WARN_DOCUMENTATION_COMMENTS = YES;
				CLANG_WARN_EMPTY_BODY = YES;
				CLANG_WARN_ENUM_CONVERSION = YES;
				CLANG_WARN_INFINITE_RECURSION = YES;
				CLANG_WARN_INT_CONVERSION = YES;
				CLANG_WARN_NON_LITERAL_NULL_CONVERSION = YES;
				CLANG_WARN_OBJC_IMPLICIT_RETAIN_SELF = YES;
				CLANG_WARN_OBJC_LITERAL_CONVERSION = YES;
				CLANG_WARN_OBJC_ROOT_CLASS = YES_ERROR;
				CLANG_WARN_QUOTED_INCLUDE_IN_FRAMEWORK_HEADER = YES;
				CLANG_WARN_RANGE_LOOP_ANALYSIS = YES;
				CLANG_WARN_STRICT_PROTOTYPES = YES;
				CLANG_WARN_SUSPICIOUS_MOVE = YES;
				CLANG_WARN_UNGUARDED_AVAILABILITY = YES_AGGRESSIVE;
				CLANG_WARN_UNREACHABLE_CODE = YES;
				CLANG_WARN__DUPLICATE_METHOD_MATCH = YES;
				COPY_PHASE_STRIP = NO;
				DEBUG_INFORMATION_FORMAT = dwarf;
				ENABLE_STRICT_OBJC_MSGSEND = YES;
				ENABLE_TESTABILITY = YES;
				ENABLE_USER_SCRIPT_SANDBOXING = YES;
				GCC_C_LANGUAGE_STANDARD = gnu17;
				GCC_DYNAMIC_NO_PIC = NO;
				GCC_NO_COMMON_BLOCKS = YES;
				GCC_OPTIMIZATION_LEVEL = 0;
				GCC_PREPROCESSOR_DEFINITIONS = (
					"DEBUG=1",
					"$(inherited)",
				);
				GCC_WARN_64_TO_32_BIT_CONVERSION = YES;
				GCC_WARN_ABOUT_RETURN_TYPE = YES_ERROR;
				GCC_WARN_UNDECLARED_SELECTOR = YES;
				GCC_WARN_UNINITIALIZED_AUTOS = YES_AGGRESSIVE;
				GCC_WARN_UNUSED_FUNCTION = YES;
				GCC_WARN_UNUSED_VARIABLE = YES;
				IPHONEOS_DEPLOYMENT_TARGET = 17.2;
				LOCALIZATION_PREFERS_STRING_CATALOGS = YES;
				MTL_ENABLE_DEBUG_INFO = INCLUDE_SOURCE;
				MTL_FAST_MATH = YES;
				ONLY_ACTIVE_ARCH = YES;
				SDKROOT = iphoneos;
				SWIFT_ACTIVE_COMPILATION_CONDITIONS = "DEBUG $(inherited)";
				SWIFT_OPTIMIZATION_LEVEL = "-Onone";
			};
			name = Debug;
		};
		393C60A62B49934C00F97898 /* Release */ = {
			isa = XCBuildConfiguration;
			buildSettings = {
				ALWAYS_SEARCH_USER_PATHS = NO;
				ASSETCATALOG_COMPILER_GENERATE_SWIFT_ASSET_SYMBOL_EXTENSIONS = YES;
				CLANG_ANALYZER_NONNULL = YES;
				CLANG_ANALYZER_NUMBER_OBJECT_CONVERSION = YES_AGGRESSIVE;
				CLANG_CXX_LANGUAGE_STANDARD = "gnu++20";
				CLANG_ENABLE_MODULES = YES;
				CLANG_ENABLE_OBJC_ARC = YES;
				CLANG_ENABLE_OBJC_WEAK = YES;
				CLANG_WARN_BLOCK_CAPTURE_AUTORELEASING = YES;
				CLANG_WARN_BOOL_CONVERSION = YES;
				CLANG_WARN_COMMA = YES;
				CLANG_WARN_CONSTANT_CONVERSION = YES;
				CLANG_WARN_DEPRECATED_OBJC_IMPLEMENTATIONS = YES;
				CLANG_WARN_DIRECT_OBJC_ISA_USAGE = YES_ERROR;
				CLANG_WARN_DOCUMENTATION_COMMENTS = YES;
				CLANG_WARN_EMPTY_BODY = YES;
				CLANG_WARN_ENUM_CONVERSION = YES;
				CLANG_WARN_INFINITE_RECURSION = YES;
				CLANG_WARN_INT_CONVERSION = YES;
				CLANG_WARN_NON_LITERAL_NULL_CONVERSION = YES;
				CLANG_WARN_OBJC_IMPLICIT_RETAIN_SELF = YES;
				CLANG_WARN_OBJC_LITERAL_CONVERSION = YES;
				CLANG_WARN_OBJC_ROOT_CLASS = YES_ERROR;
				CLANG_WARN_QUOTED_INCLUDE_IN_FRAMEWORK_HEADER = YES;
				CLANG_WARN_RANGE_LOOP_ANALYSIS = YES;
				CLANG_WARN_STRICT_PROTOTYPES = YES;
				CLANG_WARN_SUSPICIOUS_MOVE = YES;
				CLANG_WARN_UNGUARDED_AVAILABILITY = YES_AGGRESSIVE;
				CLANG_WARN_UNREACHABLE_CODE = YES;
				CLANG_WARN__DUPLICATE_METHOD_MATCH = YES;
				COPY_PHASE_STRIP = NO;
				DEBUG_INFORMATION_FORMAT = "dwarf-with-dsym";
				ENABLE_NS_ASSERTIONS = NO;
				ENABLE_STRICT_OBJC_MSGSEND = YES;
				ENABLE_USER_SCRIPT_SANDBOXING = YES;
				GCC_C_LANGUAGE_STANDARD = gnu17;
				GCC_NO_COMMON_BLOCKS = YES;
				GCC_WARN_64_TO_32_BIT_CONVERSION = YES;
				GCC_WARN_ABOUT_RETURN_TYPE = YES_ERROR;
				GCC_WARN_UNDECLARED_SELECTOR = YES;
				GCC_WARN_UNINITIALIZED_AUTOS = YES_AGGRESSIVE;
				GCC_WARN_UNUSED_FUNCTION = YES;
				GCC_WARN_UNUSED_VARIABLE = YES;
				IPHONEOS_DEPLOYMENT_TARGET = 17.2;
				LOCALIZATION_PREFERS_STRING_CATALOGS = YES;
				MTL_ENABLE_DEBUG_INFO = NO;
				MTL_FAST_MATH = YES;
				SDKROOT = iphoneos;
				SWIFT_COMPILATION_MODE = wholemodule;
				VALIDATE_PRODUCT = YES;
			};
			name = Release;
		};
		393C60A82B49934C00F97898 /* Debug */ = {
			isa = XCBuildConfiguration;
			buildSettings = {
				ASSETCATALOG_COMPILER_APPICON_NAME = AppIcon;
				ASSETCATALOG_COMPILER_GLOBAL_ACCENT_COLOR_NAME = AccentColor;
				CODE_SIGN_STYLE = Automatic;
				CURRENT_PROJECT_VERSION = 1;
				GENERATE_INFOPLIST_FILE = YES;
				INFOPLIST_FILE = TableViewController/Info.plist;
				INFOPLIST_KEY_UIApplicationSupportsIndirectInputEvents = YES;
				INFOPLIST_KEY_UILaunchStoryboardName = LaunchScreen;
				INFOPLIST_KEY_UIMainStoryboardFile = Chat;
				INFOPLIST_KEY_UISupportedInterfaceOrientations_iPad = "UIInterfaceOrientationPortrait UIInterfaceOrientationPortraitUpsideDown UIInterfaceOrientationLandscapeLeft UIInterfaceOrientationLandscapeRight";
				INFOPLIST_KEY_UISupportedInterfaceOrientations_iPhone = "UIInterfaceOrientationPortrait UIInterfaceOrientationLandscapeLeft UIInterfaceOrientationLandscapeRight";
				LD_RUNPATH_SEARCH_PATHS = (
					"$(inherited)",
					"@executable_path/Frameworks",
				);
				MARKETING_VERSION = 1.0;
				PRODUCT_BUNDLE_IDENTIFIER = com.mje0211.TableViewController;
				PRODUCT_NAME = "$(TARGET_NAME)";
				SWIFT_EMIT_LOC_STRINGS = YES;
				SWIFT_VERSION = 5.0;
				TARGETED_DEVICE_FAMILY = "1,2";
			};
			name = Debug;
		};
		393C60A92B49934C00F97898 /* Release */ = {
			isa = XCBuildConfiguration;
			buildSettings = {
				ASSETCATALOG_COMPILER_APPICON_NAME = AppIcon;
				ASSETCATALOG_COMPILER_GLOBAL_ACCENT_COLOR_NAME = AccentColor;
				CODE_SIGN_STYLE = Automatic;
				CURRENT_PROJECT_VERSION = 1;
				GENERATE_INFOPLIST_FILE = YES;
				INFOPLIST_FILE = TableViewController/Info.plist;
				INFOPLIST_KEY_UIApplicationSupportsIndirectInputEvents = YES;
				INFOPLIST_KEY_UILaunchStoryboardName = LaunchScreen;
				INFOPLIST_KEY_UIMainStoryboardFile = Chat;
				INFOPLIST_KEY_UISupportedInterfaceOrientations_iPad = "UIInterfaceOrientationPortrait UIInterfaceOrientationPortraitUpsideDown UIInterfaceOrientationLandscapeLeft UIInterfaceOrientationLandscapeRight";
				INFOPLIST_KEY_UISupportedInterfaceOrientations_iPhone = "UIInterfaceOrientationPortrait UIInterfaceOrientationLandscapeLeft UIInterfaceOrientationLandscapeRight";
				LD_RUNPATH_SEARCH_PATHS = (
					"$(inherited)",
					"@executable_path/Frameworks",
				);
				MARKETING_VERSION = 1.0;
				PRODUCT_BUNDLE_IDENTIFIER = com.mje0211.TableViewController;
				PRODUCT_NAME = "$(TARGET_NAME)";
				SWIFT_EMIT_LOC_STRINGS = YES;
				SWIFT_VERSION = 5.0;
				TARGETED_DEVICE_FAMILY = "1,2";
			};
			name = Release;
		};
/* End XCBuildConfiguration section */

/* Begin XCConfigurationList section */
		393C608E2B49934A00F97898 /* Build configuration list for PBXProject "TableViewController" */ = {
			isa = XCConfigurationList;
			buildConfigurations = (
				393C60A52B49934C00F97898 /* Debug */,
				393C60A62B49934C00F97898 /* Release */,
			);
			defaultConfigurationIsVisible = 0;
			defaultConfigurationName = Release;
		};
		393C60A72B49934C00F97898 /* Build configuration list for PBXNativeTarget "TableViewController" */ = {
			isa = XCConfigurationList;
			buildConfigurations = (
				393C60A82B49934C00F97898 /* Debug */,
				393C60A92B49934C00F97898 /* Release */,
			);
			defaultConfigurationIsVisible = 0;
			defaultConfigurationName = Release;
		};
/* End XCConfigurationList section */

/* Begin XCRemoteSwiftPackageReference section */
		39118A922B5110460031E2F1 /* XCRemoteSwiftPackageReference "Kingfisher" */ = {
			isa = XCRemoteSwiftPackageReference;
			repositoryURL = "https://github.com/onevcat/Kingfisher.git";
			requirement = {
				kind = upToNextMajorVersion;
				minimumVersion = 7.10.2;
			};
		};
		39118AB82B515DA10031E2F1 /* XCRemoteSwiftPackageReference "IQKeyboardManager" */ = {
			isa = XCRemoteSwiftPackageReference;
			repositoryURL = "https://github.com/hackiftekhar/IQKeyboardManager.git";
			requirement = {
				kind = upToNextMajorVersion;
				minimumVersion = 7.0.0;
			};
		};
/* End XCRemoteSwiftPackageReference section */

/* Begin XCSwiftPackageProductDependency section */
		39118A932B5110460031E2F1 /* Kingfisher */ = {
			isa = XCSwiftPackageProductDependency;
			package = 39118A922B5110460031E2F1 /* XCRemoteSwiftPackageReference "Kingfisher" */;
			productName = Kingfisher;
		};
		39118AB92B515DA10031E2F1 /* IQKeyboardManagerSwift */ = {
			isa = XCSwiftPackageProductDependency;
			package = 39118AB82B515DA10031E2F1 /* XCRemoteSwiftPackageReference "IQKeyboardManager" */;
			productName = IQKeyboardManagerSwift;
		};
/* End XCSwiftPackageProductDependency section */
	};
	rootObject = 393C608B2B49934A00F97898 /* Project object */;
}
